// !$*UTF8*$!
{
	archiveVersion = 1;
	classes = {
	};
	objectVersion = 46;
	objects = {

/* Begin PBXBuildFile section */
		F15B7E84193235060043C15D /* Foundation.framework in Frameworks */ = {isa = PBXBuildFile; fileRef = F15B7E83193235060043C15D /* Foundation.framework */; };
		F15B7E86193235060043C15D /* CoreGraphics.framework in Frameworks */ = {isa = PBXBuildFile; fileRef = F15B7E85193235060043C15D /* CoreGraphics.framework */; };
		F15B7E88193235060043C15D /* UIKit.framework in Frameworks */ = {isa = PBXBuildFile; fileRef = F15B7E87193235060043C15D /* UIKit.framework */; };
		F15B7E8E193235060043C15D /* InfoPlist.strings in Resources */ = {isa = PBXBuildFile; fileRef = F15B7E8C193235060043C15D /* InfoPlist.strings */; };
		F15B7E90193235060043C15D /* main.m in Sources */ = {isa = PBXBuildFile; fileRef = F15B7E8F193235060043C15D /* main.m */; };
		F15B7E94193235060043C15D /* AppDelegate.m in Sources */ = {isa = PBXBuildFile; fileRef = F15B7E93193235060043C15D /* AppDelegate.m */; };
		F15B7E96193235060043C15D /* Images.xcassets in Resources */ = {isa = PBXBuildFile; fileRef = F15B7E95193235060043C15D /* Images.xcassets */; };
		F15B7E9D193235060043C15D /* XCTest.framework in Frameworks */ = {isa = PBXBuildFile; fileRef = F15B7E9C193235060043C15D /* XCTest.framework */; };
		F15B7E9E193235060043C15D /* Foundation.framework in Frameworks */ = {isa = PBXBuildFile; fileRef = F15B7E83193235060043C15D /* Foundation.framework */; };
		F15B7E9F193235060043C15D /* UIKit.framework in Frameworks */ = {isa = PBXBuildFile; fileRef = F15B7E87193235060043C15D /* UIKit.framework */; };
		F15B7EA7193235060043C15D /* InfoPlist.strings in Resources */ = {isa = PBXBuildFile; fileRef = F15B7EA5193235060043C15D /* InfoPlist.strings */; };
		F15B7EA9193235060043C15D /* ZenTaskTests.m in Sources */ = {isa = PBXBuildFile; fileRef = F15B7EA8193235060043C15D /* ZenTaskTests.m */; };
/* End PBXBuildFile section */

/* Begin PBXContainerItemProxy section */
		F15B7EA0193235060043C15D /* PBXContainerItemProxy */ = {
			isa = PBXContainerItemProxy;
			containerPortal = F15B7E78193235060043C15D /* Project object */;
			proxyType = 1;
			remoteGlobalIDString = F15B7E7F193235060043C15D;
			remoteInfo = ZenTask;
		};
/* End PBXContainerItemProxy section */

/* Begin PBXFileReference section */
		F15B7E80193235060043C15D /* ZenTask.app */ = {isa = PBXFileReference; explicitFileType = wrapper.application; includeInIndex = 0; path = ZenTask.app; sourceTree = BUILT_PRODUCTS_DIR; };
		F15B7E83193235060043C15D /* Foundation.framework */ = {isa = PBXFileReference; lastKnownFileType = wrapper.framework; name = Foundation.framework; path = System/Library/Frameworks/Foundation.framework; sourceTree = SDKROOT; };
		F15B7E85193235060043C15D /* CoreGraphics.framework */ = {isa = PBXFileReference; lastKnownFileType = wrapper.framework; name = CoreGraphics.framework; path = System/Library/Frameworks/CoreGraphics.framework; sourceTree = SDKROOT; };
		F15B7E87193235060043C15D /* UIKit.framework */ = {isa = PBXFileReference; lastKnownFileType = wrapper.framework; name = UIKit.framework; path = System/Library/Frameworks/UIKit.framework; sourceTree = SDKROOT; };
		F15B7E8B193235060043C15D /* ZenTask-Info.plist */ = {isa = PBXFileReference; lastKnownFileType = text.plist.xml; path = "ZenTask-Info.plist"; sourceTree = "<group>"; };
		F15B7E8D193235060043C15D /* en */ = {isa = PBXFileReference; lastKnownFileType = text.plist.strings; name = en; path = en.lproj/InfoPlist.strings; sourceTree = "<group>"; };
		F15B7E8F193235060043C15D /* main.m */ = {isa = PBXFileReference; lastKnownFileType = sourcecode.c.objc; path = main.m; sourceTree = "<group>"; };
		F15B7E91193235060043C15D /* ZenTask-Prefix.pch */ = {isa = PBXFileReference; lastKnownFileType = sourcecode.c.h; path = "ZenTask-Prefix.pch"; sourceTree = "<group>"; };
		F15B7E92193235060043C15D /* AppDelegate.h */ = {isa = PBXFileReference; lastKnownFileType = sourcecode.c.h; path = AppDelegate.h; sourceTree = "<group>"; };
		F15B7E93193235060043C15D /* AppDelegate.m */ = {isa = PBXFileReference; lastKnownFileType = sourcecode.c.objc; path = AppDelegate.m; sourceTree = "<group>"; };
		F15B7E95193235060043C15D /* Images.xcassets */ = {isa = PBXFileReference; lastKnownFileType = folder.assetcatalog; path = Images.xcassets; sourceTree = "<group>"; };
		F15B7E9B193235060043C15D /* ZenTaskTests.xctest */ = {isa = PBXFileReference; explicitFileType = wrapper.cfbundle; includeInIndex = 0; path = ZenTaskTests.xctest; sourceTree = BUILT_PRODUCTS_DIR; };
		F15B7E9C193235060043C15D /* XCTest.framework */ = {isa = PBXFileReference; lastKnownFileType = wrapper.framework; name = XCTest.framework; path = Library/Frameworks/XCTest.framework; sourceTree = DEVELOPER_DIR; };
		F15B7EA4193235060043C15D /* ZenTaskTests-Info.plist */ = {isa = PBXFileReference; lastKnownFileType = text.plist.xml; path = "ZenTaskTests-Info.plist"; sourceTree = "<group>"; };
		F15B7EA6193235060043C15D /* en */ = {isa = PBXFileReference; lastKnownFileType = text.plist.strings; name = en; path = en.lproj/InfoPlist.strings; sourceTree = "<group>"; };
		F15B7EA8193235060043C15D /* ZenTaskTests.m */ = {isa = PBXFileReference; lastKnownFileType = sourcecode.c.objc; path = ZenTaskTests.m; sourceTree = "<group>"; };
/* End PBXFileReference section */

/* Begin PBXFrameworksBuildPhase section */
		F15B7E7D193235060043C15D /* Frameworks */ = {
			isa = PBXFrameworksBuildPhase;
			buildActionMask = 2147483647;
			files = (
				F15B7E86193235060043C15D /* CoreGraphics.framework in Frameworks */,
				F15B7E88193235060043C15D /* UIKit.framework in Frameworks */,
				F15B7E84193235060043C15D /* Foundation.framework in Frameworks */,
			);
			runOnlyForDeploymentPostprocessing = 0;
		};
		F15B7E98193235060043C15D /* Frameworks */ = {
			isa = PBXFrameworksBuildPhase;
			buildActionMask = 2147483647;
			files = (
				F15B7E9D193235060043C15D /* XCTest.framework in Frameworks */,
				F15B7E9F193235060043C15D /* UIKit.framework in Frameworks */,
				F15B7E9E193235060043C15D /* Foundation.framework in Frameworks */,
			);
			runOnlyForDeploymentPostprocessing = 0;
		};
/* End PBXFrameworksBuildPhase section */

/* Begin PBXGroup section */
		F15B7E77193235060043C15D = {
			isa = PBXGroup;
			children = (
				F15B7E89193235060043C15D /* ZenTask */,
				F15B7EA2193235060043C15D /* ZenTaskTests */,
				F15B7E82193235060043C15D /* Frameworks */,
				F15B7E81193235060043C15D /* Products */,
			);
			sourceTree = "<group>";
		};
		F15B7E81193235060043C15D /* Products */ = {
			isa = PBXGroup;
			children = (
				F15B7E80193235060043C15D /* ZenTask.app */,
				F15B7E9B193235060043C15D /* ZenTaskTests.xctest */,
			);
			name = Products;
			sourceTree = "<group>";
		};
		F15B7E82193235060043C15D /* Frameworks */ = {
			isa = PBXGroup;
			children = (
				F15B7E83193235060043C15D /* Foundation.framework */,
				F15B7E85193235060043C15D /* CoreGraphics.framework */,
				F15B7E87193235060043C15D /* UIKit.framework */,
				F15B7E9C193235060043C15D /* XCTest.framework */,
			);
			name = Frameworks;
			sourceTree = "<group>";
		};
		F15B7E89193235060043C15D /* ZenTask */ = {
			isa = PBXGroup;
			children = (
				F15B7E92193235060043C15D /* AppDelegate.h */,
				F15B7E93193235060043C15D /* AppDelegate.m */,
				F15B7E95193235060043C15D /* Images.xcassets */,
				F15B7E8A193235060043C15D /* Supporting Files */,
			);
			path = ZenTask;
			sourceTree = "<group>";
		};
		F15B7E8A193235060043C15D /* Supporting Files */ = {
			isa = PBXGroup;
			children = (
				F15B7E8B193235060043C15D /* ZenTask-Info.plist */,
				F15B7E8C193235060043C15D /* InfoPlist.strings */,
				F15B7E8F193235060043C15D /* main.m */,
				F15B7E91193235060043C15D /* ZenTask-Prefix.pch */,
			);
			name = "Supporting Files";
			sourceTree = "<group>";
		};
		F15B7EA2193235060043C15D /* ZenTaskTests */ = {
			isa = PBXGroup;
			children = (
				F15B7EA8193235060043C15D /* ZenTaskTests.m */,
				F15B7EA3193235060043C15D /* Supporting Files */,
			);
			path = ZenTaskTests;
			sourceTree = "<group>";
		};
		F15B7EA3193235060043C15D /* Supporting Files */ = {
			isa = PBXGroup;
			children = (
				F15B7EA4193235060043C15D /* ZenTaskTests-Info.plist */,
				F15B7EA5193235060043C15D /* InfoPlist.strings */,
			);
			name = "Supporting Files";
			sourceTree = "<group>";
		};
/* End PBXGroup section */

/* Begin PBXNativeTarget section */
		F15B7E7F193235060043C15D /* ZenTask */ = {
			isa = PBXNativeTarget;
			buildConfigurationList = F15B7EAC193235060043C15D /* Build configuration list for PBXNativeTarget "ZenTask" */;
			buildPhases = (
				F15B7E7C193235060043C15D /* Sources */,
				F15B7E7D193235060043C15D /* Frameworks */,
				F15B7E7E193235060043C15D /* Resources */,
			);
			buildRules = (
			);
			dependencies = (
			);
			name = ZenTask;
			productName = ZenTask;
			productReference = F15B7E80193235060043C15D /* ZenTask.app */;
			productType = "com.apple.product-type.application";
		};
		F15B7E9A193235060043C15D /* ZenTaskTests */ = {
			isa = PBXNativeTarget;
			buildConfigurationList = F15B7EAF193235060043C15D /* Build configuration list for PBXNativeTarget "ZenTaskTests" */;
			buildPhases = (
				F15B7E97193235060043C15D /* Sources */,
				F15B7E98193235060043C15D /* Frameworks */,
				F15B7E99193235060043C15D /* Resources */,
			);
			buildRules = (
			);
			dependencies = (
				F15B7EA1193235060043C15D /* PBXTargetDependency */,
			);
			name = ZenTaskTests;
			productName = ZenTaskTests;
			productReference = F15B7E9B193235060043C15D /* ZenTaskTests.xctest */;
			productType = "com.apple.product-type.bundle.unit-test";
		};
/* End PBXNativeTarget section */

/* Begin PBXProject section */
		F15B7E78193235060043C15D /* Project object */ = {
			isa = PBXProject;
			attributes = {
				LastUpgradeCheck = 0510;
				ORGANIZATIONNAME = GoldRatio;
				TargetAttributes = {
					F15B7E9A193235060043C15D = {
						TestTargetID = F15B7E7F193235060043C15D;
					};
				};
			};
			buildConfigurationList = F15B7E7B193235060043C15D /* Build configuration list for PBXProject "ZenTask" */;
			compatibilityVersion = "Xcode 3.2";
			developmentRegion = English;
			hasScannedForEncodings = 0;
			knownRegions = (
				en,
			);
			mainGroup = F15B7E77193235060043C15D;
			productRefGroup = F15B7E81193235060043C15D /* Products */;
			projectDirPath = "";
			projectRoot = "";
			targets = (
				F15B7E7F193235060043C15D /* ZenTask */,
				F15B7E9A193235060043C15D /* ZenTaskTests */,
			);
		};
/* End PBXProject section */

/* Begin PBXResourcesBuildPhase section */
		F15B7E7E193235060043C15D /* Resources */ = {
			isa = PBXResourcesBuildPhase;
			buildActionMask = 2147483647;
			files = (
				F15B7E8E193235060043C15D /* InfoPlist.strings in Resources */,
				F15B7E96193235060043C15D /* Images.xcassets in Resources */,
			);
			runOnlyForDeploymentPostprocessing = 0;
		};
		F15B7E99193235060043C15D /* Resources */ = {
			isa = PBXResourcesBuildPhase;
			buildActionMask = 2147483647;
			files = (
				F15B7EA7193235060043C15D /* InfoPlist.strings in Resources */,
			);
			runOnlyForDeploymentPostprocessing = 0;
		};
/* End PBXResourcesBuildPhase section */

/* Begin PBXSourcesBuildPhase section */
		F15B7E7C193235060043C15D /* Sources */ = {
			isa = PBXSourcesBuildPhase;
			buildActionMask = 2147483647;
			files = (
				F15B7E94193235060043C15D /* AppDelegate.m in Sources */,
				F15B7E90193235060043C15D /* main.m in Sources */,
			);
			runOnlyForDeploymentPostprocessing = 0;
		};
		F15B7E97193235060043C15D /* Sources */ = {
			isa = PBXSourcesBuildPhase;
			buildActionMask = 2147483647;
			files = (
				F15B7EA9193235060043C15D /* ZenTaskTests.m in Sources */,
			);
			runOnlyForDeploymentPostprocessing = 0;
		};
/* End PBXSourcesBuildPhase section */

/* Begin PBXTargetDependency section */
		F15B7EA1193235060043C15D /* PBXTargetDependency */ = {
			isa = PBXTargetDependency;
			target = F15B7E7F193235060043C15D /* ZenTask */;
			targetProxy = F15B7EA0193235060043C15D /* PBXContainerItemProxy */;
		};
/* End PBXTargetDependency section */

/* Begin PBXVariantGroup section */
		F15B7E8C193235060043C15D /* InfoPlist.strings */ = {
			isa = PBXVariantGroup;
			children = (
				F15B7E8D193235060043C15D /* en */,
			);
			name = InfoPlist.strings;
			sourceTree = "<group>";
		};
		F15B7EA5193235060043C15D /* InfoPlist.strings */ = {
			isa = PBXVariantGroup;
			children = (
				F15B7EA6193235060043C15D /* en */,
			);
			name = InfoPlist.strings;
			sourceTree = "<group>";
		};
/* End PBXVariantGroup section */

/* Begin XCBuildConfiguration section */
		F15B7EAA193235060043C15D /* Debug */ = {
			isa = XCBuildConfiguration;
			buildSettings = {
				ALWAYS_SEARCH_USER_PATHS = NO;
				CLANG_CXX_LANGUAGE_STANDARD = "gnu++0x";
				CLANG_CXX_LIBRARY = "libc++";
				CLANG_ENABLE_MODULES = YES;
				CLANG_ENABLE_OBJC_ARC = YES;
				CLANG_WARN_BOOL_CONVERSION = YES;
				CLANG_WARN_CONSTANT_CONVERSION = YES;
				CLANG_WARN_DIRECT_OBJC_ISA_USAGE = YES_ERROR;
				CLANG_WARN_EMPTY_BODY = YES;
				CLANG_WARN_ENUM_CONVERSION = YES;
				CLANG_WARN_INT_CONVERSION = YES;
				CLANG_WARN_OBJC_ROOT_CLASS = YES_ERROR;
				CLANG_WARN__DUPLICATE_METHOD_MATCH = YES;
				"CODE_SIGN_IDENTITY[sdk=iphoneos*]" = "iPhone Developer";
				COPY_PHASE_STRIP = NO;
				GCC_C_LANGUAGE_STANDARD = gnu99;
				GCC_DYNAMIC_NO_PIC = NO;
				GCC_OPTIMIZATION_LEVEL = 0;
				GCC_PREPROCESSOR_DEFINITIONS = (
					"DEBUG=1",
					"$(inherited)",
				);
				GCC_SYMBOLS_PRIVATE_EXTERN = NO;
				GCC_WARN_64_TO_32_BIT_CONVERSION = YES;
				GCC_WARN_ABOUT_RETURN_TYPE = YES_ERROR;
				GCC_WARN_UNDECLARED_SELECTOR = YES;
				GCC_WARN_UNINITIALIZED_AUTOS = YES_AGGRESSIVE;
				GCC_WARN_UNUSED_FUNCTION = YES;
				GCC_WARN_UNUSED_VARIABLE = YES;
				IPHONEOS_DEPLOYMENT_TARGET = 7.1;
				ONLY_ACTIVE_ARCH = YES;
				SDKROOT = iphoneos;
			};
			name = Debug;
		};
		F15B7EAB193235060043C15D /* Release */ = {
			isa = XCBuildConfiguration;
			buildSettings = {
				ALWAYS_SEARCH_USER_PATHS = NO;
				CLANG_CXX_LANGUAGE_STANDARD = "gnu++0x";
				CLANG_CXX_LIBRARY = "libc++";
				CLANG_ENABLE_MODULES = YES;
				CLANG_ENABLE_OBJC_ARC = YES;
				CLANG_WARN_BOOL_CONVERSION = YES;
				CLANG_WARN_CONSTANT_CONVERSION = YES;
				CLANG_WARN_DIRECT_OBJC_ISA_USAGE = YES_ERROR;
				CLANG_WARN_EMPTY_BODY = YES;
				CLANG_WARN_ENUM_CONVERSION = YES;
				CLANG_WARN_INT_CONVERSION = YES;
				CLANG_WARN_OBJC_ROOT_CLASS = YES_ERROR;
				CLANG_WARN__DUPLICATE_METHOD_MATCH = YES;
				"CODE_SIGN_IDENTITY[sdk=iphoneos*]" = "iPhone Developer";
				COPY_PHASE_STRIP = YES;
				ENABLE_NS_ASSERTIONS = NO;
				GCC_C_LANGUAGE_STANDARD = gnu99;
				GCC_WARN_64_TO_32_BIT_CONVERSION = YES;
				GCC_WARN_ABOUT_RETURN_TYPE = YES_ERROR;
				GCC_WARN_UNDECLARED_SELECTOR = YES;
				GCC_WARN_UNINITIALIZED_AUTOS = YES_AGGRESSIVE;
				GCC_WARN_UNUSED_FUNCTION = YES;
				GCC_WARN_UNUSED_VARIABLE = YES;
				IPHONEOS_DEPLOYMENT_TARGET = 7.1;
				SDKROOT = iphoneos;
				VALIDATE_PRODUCT = YES;
			};
			name = Release;
		};
		F15B7EAD193235060043C15D /* Debug */ = {
			isa = XCBuildConfiguration;
			buildSettings = {
				ASSETCATALOG_COMPILER_APPICON_NAME = AppIcon;
				ASSETCATALOG_COMPILER_LAUNCHIMAGE_NAME = LaunchImage;
				GCC_PRECOMPILE_PREFIX_HEADER = YES;
				GCC_PREFIX_HEADER = "ZenTask/ZenTask-Prefix.pch";
				INFOPLIST_FILE = "ZenTask/ZenTask-Info.plist";
				PRODUCT_NAME = "$(TARGET_NAME)";
				WRAPPER_EXTENSION = app;
			};
			name = Debug;
		};
		F15B7EAE193235060043C15D /* Release */ = {
			isa = XCBuildConfiguration;
			buildSettings = {
				ASSETCATALOG_COMPILER_APPICON_NAME = AppIcon;
				ASSETCATALOG_COMPILER_LAUNCHIMAGE_NAME = LaunchImage;
				GCC_PRECOMPILE_PREFIX_HEADER = YES;
				GCC_PREFIX_HEADER = "ZenTask/ZenTask-Prefix.pch";
				INFOPLIST_FILE = "ZenTask/ZenTask-Info.plist";
				PRODUCT_NAME = "$(TARGET_NAME)";
				WRAPPER_EXTENSION = app;
			};
			name = Release;
		};
		F15B7EB0193235060043C15D /* Debug */ = {
			isa = XCBuildConfiguration;
			buildSettings = {
				BUNDLE_LOADER = "$(BUILT_PRODUCTS_DIR)/ZenTask.app/ZenTask";
				FRAMEWORK_SEARCH_PATHS = (
					"$(SDKROOT)/Developer/Library/Frameworks",
					"$(inherited)",
					"$(DEVELOPER_FRAMEWORKS_DIR)",
				);
				GCC_PRECOMPILE_PREFIX_HEADER = YES;
				GCC_PREFIX_HEADER = "ZenTask/ZenTask-Prefix.pch";
				GCC_PREPROCESSOR_DEFINITIONS = (
					"DEBUG=1",
					"$(inherited)",
				);
				INFOPLIST_FILE = "ZenTaskTests/ZenTaskTests-Info.plist";
				PRODUCT_NAME = "$(TARGET_NAME)";
				TEST_HOST = "$(BUNDLE_LOADER)";
				WRAPPER_EXTENSION = xctest;
			};
			name = Debug;
		};
		F15B7EB1193235060043C15D /* Release */ = {
			isa = XCBuildConfiguration;
			buildSettings = {
				BUNDLE_LOADER = "$(BUILT_PRODUCTS_DIR)/ZenTask.app/ZenTask";
				FRAMEWORK_SEARCH_PATHS = (
					"$(SDKROOT)/Developer/Library/Frameworks",
					"$(inherited)",
					"$(DEVELOPER_FRAMEWORKS_DIR)",
				);
				GCC_PRECOMPILE_PREFIX_HEADER = YES;
				GCC_PREFIX_HEADER = "ZenTask/ZenTask-Prefix.pch";
				INFOPLIST_FILE = "ZenTaskTests/ZenTaskTests-Info.plist";
				PRODUCT_NAME = "$(TARGET_NAME)";
				TEST_HOST = "$(BUNDLE_LOADER)";
				WRAPPER_EXTENSION = xctest;
			};
			name = Release;
		};
/* End XCBuildConfiguration section */

/* Begin XCConfigurationList section */
		F15B7E7B193235060043C15D /* Build configuration list for PBXProject "ZenTask" */ = {
			isa = XCConfigurationList;
			buildConfigurations = (
				F15B7EAA193235060043C15D /* Debug */,
				F15B7EAB193235060043C15D /* Release */,
			);
			defaultConfigurationIsVisible = 0;
			defaultConfigurationName = Release;
		};
		F15B7EAC193235060043C15D /* Build configuration list for PBXNativeTarget "ZenTask" */ = {
			isa = XCConfigurationList;
			buildConfigurations = (
				F15B7EAD193235060043C15D /* Debug */,
				F15B7EAE193235060043C15D /* Release */,
			);
			defaultConfigurationIsVisible = 0;
		};
		F15B7EAF193235060043C15D /* Build configuration list for PBXNativeTarget "ZenTaskTests" */ = {
			isa = XCConfigurationList;
			buildConfigurations = (
				F15B7EB0193235060043C15D /* Debug */,
				F15B7EB1193235060043C15D /* Release */,
			);
			defaultConfigurationIsVisible = 0;
		};
/* End XCConfigurationList section */
	};
	rootObject = F15B7E78193235060043C15D /* Project object */;
}
